// !$*UTF8*$!
{
	archiveVersion = 1;
	classes = {
	};
	objectVersion = 48;
	objects = {

/* Begin PBXBuildFile section */
		5E36D7121EF3C2BE00038D0D /* GLBaseViewController.swift in Sources */ = {isa = PBXBuildFile; fileRef = 5E36D7111EF3C2BE00038D0D /* GLBaseViewController.swift */; };
		5E36D7161EF3C42F00038D0D /* GLHomePageViewController.swift in Sources */ = {isa = PBXBuildFile; fileRef = 5E36D7151EF3C42F00038D0D /* GLHomePageViewController.swift */; };
		5E36D7181EF3C56D00038D0D /* GLRoomCreaterViewController.swift in Sources */ = {isa = PBXBuildFile; fileRef = 5E36D7171EF3C56D00038D0D /* GLRoomCreaterViewController.swift */; };
		5E36D71A1EF3C61F00038D0D /* GLRoomListViewController.swift in Sources */ = {isa = PBXBuildFile; fileRef = 5E36D7191EF3C61F00038D0D /* GLRoomListViewController.swift */; };
		5E36D71C1EF3C76C00038D0D /* GLGameViewController.swift in Sources */ = {isa = PBXBuildFile; fileRef = 5E36D71B1EF3C76C00038D0D /* GLGameViewController.swift */; };
		5E36D71E1EF3C82D00038D0D /* GLPlayerInfoCell.swift in Sources */ = {isa = PBXBuildFile; fileRef = 5E36D71D1EF3C82D00038D0D /* GLPlayerInfoCell.swift */; };
		5E36D7201EF3C95E00038D0D /* GLRoomInfoCell.swift in Sources */ = {isa = PBXBuildFile; fileRef = 5E36D71F1EF3C95E00038D0D /* GLRoomInfoCell.swift */; };
		5E47A5211EF2756B00FC83C2 /* GLError.swift in Sources */ = {isa = PBXBuildFile; fileRef = 5E47A5201EF2756B00FC83C2 /* GLError.swift */; };
		5E7C5A631F04D5A1005050ED /* GLNotification.swift in Sources */ = {isa = PBXBuildFile; fileRef = 5E7C5A621F04D5A1005050ED /* GLNotification.swift */; };
		5E7C5A691F04DFA9005050ED /* GLPlayer.swift in Sources */ = {isa = PBXBuildFile; fileRef = 5E7C5A681F04DFA9005050ED /* GLPlayer.swift */; };
		5E7C5A6B1F04E1D3005050ED /* HandyJSON.framework in Frameworks */ = {isa = PBXBuildFile; fileRef = 5E7C5A6A1F04E1D3005050ED /* HandyJSON.framework */; };
		5EAD63231EF13D4000EBF944 /* GLCentralManager.swift in Sources */ = {isa = PBXBuildFile; fileRef = 5EAD63221EF13D4000EBF944 /* GLCentralManager.swift */; };
		5EB20F6D1EF3C091003A22CE /* Chameleon.framework in Frameworks */ = {isa = PBXBuildFile; fileRef = 5ED0DB411EF3BA15000A2E9B /* Chameleon.framework */; };
		5ED867C11EF219C300F58AC1 /* GLPeripheralManager.swift in Sources */ = {isa = PBXBuildFile; fileRef = 5ED867C01EF219C300F58AC1 /* GLPeripheralManager.swift */; };
		5EED44E71EF12DB7006F7C2F /* AppDelegate.swift in Sources */ = {isa = PBXBuildFile; fileRef = 5EED44E61EF12DB7006F7C2F /* AppDelegate.swift */; };
		5EED44EC1EF12DB7006F7C2F /* Main.storyboard in Resources */ = {isa = PBXBuildFile; fileRef = 5EED44EA1EF12DB7006F7C2F /* Main.storyboard */; };
		5EED44EE1EF12DB7006F7C2F /* Assets.xcassets in Resources */ = {isa = PBXBuildFile; fileRef = 5EED44ED1EF12DB7006F7C2F /* Assets.xcassets */; };
		5EED44F11EF12DB7006F7C2F /* LaunchScreen.storyboard in Resources */ = {isa = PBXBuildFile; fileRef = 5EED44EF1EF12DB7006F7C2F /* LaunchScreen.storyboard */; };
		5EED44FC1EF12DB7006F7C2F /* SwifterTests.swift in Sources */ = {isa = PBXBuildFile; fileRef = 5EED44FB1EF12DB7006F7C2F /* SwifterTests.swift */; };
		5EED45071EF12DB7006F7C2F /* SwifterUITests.swift in Sources */ = {isa = PBXBuildFile; fileRef = 5EED45061EF12DB7006F7C2F /* SwifterUITests.swift */; };
/* End PBXBuildFile section */

/* Begin PBXContainerItemProxy section */
		5EED44F81EF12DB7006F7C2F /* PBXContainerItemProxy */ = {
			isa = PBXContainerItemProxy;
			containerPortal = 5EED44DB1EF12DB7006F7C2F /* Project object */;
			proxyType = 1;
			remoteGlobalIDString = 5EED44E21EF12DB7006F7C2F;
			remoteInfo = Swifter;
		};
		5EED45031EF12DB7006F7C2F /* PBXContainerItemProxy */ = {
			isa = PBXContainerItemProxy;
			containerPortal = 5EED44DB1EF12DB7006F7C2F /* Project object */;
			proxyType = 1;
			remoteGlobalIDString = 5EED44E21EF12DB7006F7C2F;
			remoteInfo = Swifter;
		};
/* End PBXContainerItemProxy section */

/* Begin PBXFileReference section */
		5E36D7111EF3C2BE00038D0D /* GLBaseViewController.swift */ = {isa = PBXFileReference; fileEncoding = 4; lastKnownFileType = sourcecode.swift; path = GLBaseViewController.swift; sourceTree = "<group>"; };
		5E36D7151EF3C42F00038D0D /* GLHomePageViewController.swift */ = {isa = PBXFileReference; fileEncoding = 4; lastKnownFileType = sourcecode.swift; name = GLHomePageViewController.swift; path = ../GLHomePageViewController.swift; sourceTree = "<group>"; };
		5E36D7171EF3C56D00038D0D /* GLRoomCreaterViewController.swift */ = {isa = PBXFileReference; fileEncoding = 4; lastKnownFileType = sourcecode.swift; path = GLRoomCreaterViewController.swift; sourceTree = "<group>"; };
		5E36D7191EF3C61F00038D0D /* GLRoomListViewController.swift */ = {isa = PBXFileReference; fileEncoding = 4; lastKnownFileType = sourcecode.swift; path = GLRoomListViewController.swift; sourceTree = "<group>"; };
		5E36D71B1EF3C76C00038D0D /* GLGameViewController.swift */ = {isa = PBXFileReference; fileEncoding = 4; lastKnownFileType = sourcecode.swift; path = GLGameViewController.swift; sourceTree = "<group>"; };
		5E36D71D1EF3C82D00038D0D /* GLPlayerInfoCell.swift */ = {isa = PBXFileReference; fileEncoding = 4; lastKnownFileType = sourcecode.swift; path = GLPlayerInfoCell.swift; sourceTree = "<group>"; };
		5E36D71F1EF3C95E00038D0D /* GLRoomInfoCell.swift */ = {isa = PBXFileReference; fileEncoding = 4; lastKnownFileType = sourcecode.swift; path = GLRoomInfoCell.swift; sourceTree = "<group>"; };
		5E47A5201EF2756B00FC83C2 /* GLError.swift */ = {isa = PBXFileReference; lastKnownFileType = sourcecode.swift; path = GLError.swift; sourceTree = "<group>"; };
		5E7C5A621F04D5A1005050ED /* GLNotification.swift */ = {isa = PBXFileReference; fileEncoding = 4; lastKnownFileType = sourcecode.swift; path = GLNotification.swift; sourceTree = "<group>"; };
		5E7C5A681F04DFA9005050ED /* GLPlayer.swift */ = {isa = PBXFileReference; fileEncoding = 4; lastKnownFileType = sourcecode.swift; path = GLPlayer.swift; sourceTree = "<group>"; };
		5E7C5A6A1F04E1D3005050ED /* HandyJSON.framework */ = {isa = PBXFileReference; lastKnownFileType = wrapper.framework; name = HandyJSON.framework; path = Carthage/Build/iOS/HandyJSON.framework; sourceTree = "<group>"; };
		5EAD63221EF13D4000EBF944 /* GLCentralManager.swift */ = {isa = PBXFileReference; lastKnownFileType = sourcecode.swift; path = GLCentralManager.swift; sourceTree = "<group>"; };
		5ED0DB411EF3BA15000A2E9B /* Chameleon.framework */ = {isa = PBXFileReference; lastKnownFileType = wrapper.framework; name = Chameleon.framework; path = Carthage/Build/iOS/Chameleon.framework; sourceTree = "<group>"; };
		5ED867C01EF219C300F58AC1 /* GLPeripheralManager.swift */ = {isa = PBXFileReference; lastKnownFileType = sourcecode.swift; path = GLPeripheralManager.swift; sourceTree = "<group>"; };
		5EED44E31EF12DB7006F7C2F /* Swifter.app */ = {isa = PBXFileReference; explicitFileType = wrapper.application; includeInIndex = 0; path = Swifter.app; sourceTree = BUILT_PRODUCTS_DIR; };
		5EED44E61EF12DB7006F7C2F /* AppDelegate.swift */ = {isa = PBXFileReference; lastKnownFileType = sourcecode.swift; path = AppDelegate.swift; sourceTree = "<group>"; };
		5EED44EB1EF12DB7006F7C2F /* Base */ = {isa = PBXFileReference; lastKnownFileType = file.storyboard; name = Base; path = Base.lproj/Main.storyboard; sourceTree = "<group>"; };
		5EED44ED1EF12DB7006F7C2F /* Assets.xcassets */ = {isa = PBXFileReference; lastKnownFileType = folder.assetcatalog; path = Assets.xcassets; sourceTree = "<group>"; };
		5EED44F01EF12DB7006F7C2F /* Base */ = {isa = PBXFileReference; lastKnownFileType = file.storyboard; name = Base; path = Base.lproj/LaunchScreen.storyboard; sourceTree = "<group>"; };
		5EED44F21EF12DB7006F7C2F /* Info.plist */ = {isa = PBXFileReference; lastKnownFileType = text.plist.xml; path = Info.plist; sourceTree = "<group>"; };
		5EED44F71EF12DB7006F7C2F /* SwifterTests.xctest */ = {isa = PBXFileReference; explicitFileType = wrapper.cfbundle; includeInIndex = 0; path = SwifterTests.xctest; sourceTree = BUILT_PRODUCTS_DIR; };
		5EED44FB1EF12DB7006F7C2F /* SwifterTests.swift */ = {isa = PBXFileReference; lastKnownFileType = sourcecode.swift; path = SwifterTests.swift; sourceTree = "<group>"; };
		5EED44FD1EF12DB7006F7C2F /* Info.plist */ = {isa = PBXFileReference; lastKnownFileType = text.plist.xml; path = Info.plist; sourceTree = "<group>"; };
		5EED45021EF12DB7006F7C2F /* SwifterUITests.xctest */ = {isa = PBXFileReference; explicitFileType = wrapper.cfbundle; includeInIndex = 0; path = SwifterUITests.xctest; sourceTree = BUILT_PRODUCTS_DIR; };
		5EED45061EF12DB7006F7C2F /* SwifterUITests.swift */ = {isa = PBXFileReference; lastKnownFileType = sourcecode.swift; path = SwifterUITests.swift; sourceTree = "<group>"; };
		5EED45081EF12DB7006F7C2F /* Info.plist */ = {isa = PBXFileReference; lastKnownFileType = text.plist.xml; path = Info.plist; sourceTree = "<group>"; };
/* End PBXFileReference section */

/* Begin PBXFrameworksBuildPhase section */
		5EED44E01EF12DB7006F7C2F /* Frameworks */ = {
			isa = PBXFrameworksBuildPhase;
			buildActionMask = 2147483647;
			files = (
				5E7C5A6B1F04E1D3005050ED /* HandyJSON.framework in Frameworks */,
				5EB20F6D1EF3C091003A22CE /* Chameleon.framework in Frameworks */,
			);
			runOnlyForDeploymentPostprocessing = 0;
		};
		5EED44F41EF12DB7006F7C2F /* Frameworks */ = {
			isa = PBXFrameworksBuildPhase;
			buildActionMask = 2147483647;
			files = (
			);
			runOnlyForDeploymentPostprocessing = 0;
		};
		5EED44FF1EF12DB7006F7C2F /* Frameworks */ = {
			isa = PBXFrameworksBuildPhase;
			buildActionMask = 2147483647;
			files = (
			);
			runOnlyForDeploymentPostprocessing = 0;
		};
/* End PBXFrameworksBuildPhase section */

/* Begin PBXGroup section */
		5E36D7131EF3C3EF00038D0D /* Data Transport Layer */ = {
			isa = PBXGroup;
			children = (
				5E47A5201EF2756B00FC83C2 /* GLError.swift */,
				5EAD63221EF13D4000EBF944 /* GLCentralManager.swift */,
				5ED867C01EF219C300F58AC1 /* GLPeripheralManager.swift */,
			);
			name = "Data Transport Layer";
			sourceTree = "<group>";
		};
		5E36D7141EF3C40A00038D0D /* Model */ = {
			isa = PBXGroup;
			children = (
				5E7C5A681F04DFA9005050ED /* GLPlayer.swift */,
			);
			name = Model;
			sourceTree = "<group>";
		};
		5ED0DB3D1EF3B829000A2E9B /* Frameworks */ = {
			isa = PBXGroup;
			children = (
				5E7C5A6A1F04E1D3005050ED /* HandyJSON.framework */,
				5ED0DB411EF3BA15000A2E9B /* Chameleon.framework */,
			);
			name = Frameworks;
			sourceTree = "<group>";
		};
		5EED44DA1EF12DB7006F7C2F = {
			isa = PBXGroup;
			children = (
				5EED44E51EF12DB7006F7C2F /* Swifter */,
				5EED44FA1EF12DB7006F7C2F /* SwifterTests */,
				5EED45051EF12DB7006F7C2F /* SwifterUITests */,
				5EED44E41EF12DB7006F7C2F /* Products */,
				5ED0DB3D1EF3B829000A2E9B /* Frameworks */,
			);
			sourceTree = "<group>";
		};
		5EED44E41EF12DB7006F7C2F /* Products */ = {
			isa = PBXGroup;
			children = (
				5EED44E31EF12DB7006F7C2F /* Swifter.app */,
				5EED44F71EF12DB7006F7C2F /* SwifterTests.xctest */,
				5EED45021EF12DB7006F7C2F /* SwifterUITests.xctest */,
			);
			name = Products;
			sourceTree = "<group>";
		};
		5EED44E51EF12DB7006F7C2F /* Swifter */ = {
			isa = PBXGroup;
			children = (
				5EED44E61EF12DB7006F7C2F /* AppDelegate.swift */,
				5E36D7151EF3C42F00038D0D /* GLHomePageViewController.swift */,
				5E36D7171EF3C56D00038D0D /* GLRoomCreaterViewController.swift */,
				5E7C5A621F04D5A1005050ED /* GLNotification.swift */,
				5E36D71D1EF3C82D00038D0D /* GLPlayerInfoCell.swift */,
				5E36D71F1EF3C95E00038D0D /* GLRoomInfoCell.swift */,
				5E36D7191EF3C61F00038D0D /* GLRoomListViewController.swift */,
				5E36D71B1EF3C76C00038D0D /* GLGameViewController.swift */,
				5E36D7111EF3C2BE00038D0D /* GLBaseViewController.swift */,
				5E36D7131EF3C3EF00038D0D /* Data Transport Layer */,
				5E36D7141EF3C40A00038D0D /* Model */,
				5EED44EA1EF12DB7006F7C2F /* Main.storyboard */,
				5EED44ED1EF12DB7006F7C2F /* Assets.xcassets */,
				5EED44EF1EF12DB7006F7C2F /* LaunchScreen.storyboard */,
				5EED44F21EF12DB7006F7C2F /* Info.plist */,
			);
			path = Swifter;
			sourceTree = "<group>";
		};
		5EED44FA1EF12DB7006F7C2F /* SwifterTests */ = {
			isa = PBXGroup;
			children = (
				5EED44FB1EF12DB7006F7C2F /* SwifterTests.swift */,
				5EED44FD1EF12DB7006F7C2F /* Info.plist */,
			);
			path = SwifterTests;
			sourceTree = "<group>";
		};
		5EED45051EF12DB7006F7C2F /* SwifterUITests */ = {
			isa = PBXGroup;
			children = (
				5EED45061EF12DB7006F7C2F /* SwifterUITests.swift */,
				5EED45081EF12DB7006F7C2F /* Info.plist */,
			);
			path = SwifterUITests;
			sourceTree = "<group>";
		};
/* End PBXGroup section */

/* Begin PBXNativeTarget section */
		5EED44E21EF12DB7006F7C2F /* Swifter */ = {
			isa = PBXNativeTarget;
			buildConfigurationList = 5EED450B1EF12DB7006F7C2F /* Build configuration list for PBXNativeTarget "Swifter" */;
			buildPhases = (
				5EED44DF1EF12DB7006F7C2F /* Sources */,
				5EED44E01EF12DB7006F7C2F /* Frameworks */,
				5EED44E11EF12DB7006F7C2F /* Resources */,
				5ED0DB401EF3B832000A2E9B /* ShellScript */,
			);
			buildRules = (
			);
			dependencies = (
			);
			name = Swifter;
			productName = Swifter;
			productReference = 5EED44E31EF12DB7006F7C2F /* Swifter.app */;
			productType = "com.apple.product-type.application";
		};
		5EED44F61EF12DB7006F7C2F /* SwifterTests */ = {
			isa = PBXNativeTarget;
			buildConfigurationList = 5EED450E1EF12DB7006F7C2F /* Build configuration list for PBXNativeTarget "SwifterTests" */;
			buildPhases = (
				5EED44F31EF12DB7006F7C2F /* Sources */,
				5EED44F41EF12DB7006F7C2F /* Frameworks */,
				5EED44F51EF12DB7006F7C2F /* Resources */,
			);
			buildRules = (
			);
			dependencies = (
				5EED44F91EF12DB7006F7C2F /* PBXTargetDependency */,
			);
			name = SwifterTests;
			productName = SwifterTests;
			productReference = 5EED44F71EF12DB7006F7C2F /* SwifterTests.xctest */;
			productType = "com.apple.product-type.bundle.unit-test";
		};
		5EED45011EF12DB7006F7C2F /* SwifterUITests */ = {
			isa = PBXNativeTarget;
			buildConfigurationList = 5EED45111EF12DB7006F7C2F /* Build configuration list for PBXNativeTarget "SwifterUITests" */;
			buildPhases = (
				5EED44FE1EF12DB7006F7C2F /* Sources */,
				5EED44FF1EF12DB7006F7C2F /* Frameworks */,
				5EED45001EF12DB7006F7C2F /* Resources */,
			);
			buildRules = (
			);
			dependencies = (
				5EED45041EF12DB7006F7C2F /* PBXTargetDependency */,
			);
			name = SwifterUITests;
			productName = SwifterUITests;
			productReference = 5EED45021EF12DB7006F7C2F /* SwifterUITests.xctest */;
			productType = "com.apple.product-type.bundle.ui-testing";
		};
/* End PBXNativeTarget section */

/* Begin PBXProject section */
		5EED44DB1EF12DB7006F7C2F /* Project object */ = {
			isa = PBXProject;
			attributes = {
				LastSwiftUpdateCheck = 0900;
				LastUpgradeCheck = 0900;
				ORGANIZATIONNAME = George;
				TargetAttributes = {
					5EED44E21EF12DB7006F7C2F = {
						CreatedOnToolsVersion = 9.0;
						LastSwiftMigration = 0900;
					};
					5EED44F61EF12DB7006F7C2F = {
						CreatedOnToolsVersion = 9.0;
						LastSwiftMigration = 0900;
						TestTargetID = 5EED44E21EF12DB7006F7C2F;
					};
					5EED45011EF12DB7006F7C2F = {
						CreatedOnToolsVersion = 9.0;
						LastSwiftMigration = 0900;
						TestTargetID = 5EED44E21EF12DB7006F7C2F;
					};
				};
			};
			buildConfigurationList = 5EED44DE1EF12DB7006F7C2F /* Build configuration list for PBXProject "Swifter" */;
			compatibilityVersion = "Xcode 8.0";
			developmentRegion = en;
			hasScannedForEncodings = 0;
			knownRegions = (
				en,
				Base,
			);
			mainGroup = 5EED44DA1EF12DB7006F7C2F;
			productRefGroup = 5EED44E41EF12DB7006F7C2F /* Products */;
			projectDirPath = "";
			projectRoot = "";
			targets = (
				5EED44E21EF12DB7006F7C2F /* Swifter */,
				5EED44F61EF12DB7006F7C2F /* SwifterTests */,
				5EED45011EF12DB7006F7C2F /* SwifterUITests */,
			);
		};
/* End PBXProject section */

/* Begin PBXResourcesBuildPhase section */
		5EED44E11EF12DB7006F7C2F /* Resources */ = {
			isa = PBXResourcesBuildPhase;
			buildActionMask = 2147483647;
			files = (
				5EED44F11EF12DB7006F7C2F /* LaunchScreen.storyboard in Resources */,
				5EED44EE1EF12DB7006F7C2F /* Assets.xcassets in Resources */,
				5EED44EC1EF12DB7006F7C2F /* Main.storyboard in Resources */,
			);
			runOnlyForDeploymentPostprocessing = 0;
		};
		5EED44F51EF12DB7006F7C2F /* Resources */ = {
			isa = PBXResourcesBuildPhase;
			buildActionMask = 2147483647;
			files = (
			);
			runOnlyForDeploymentPostprocessing = 0;
		};
		5EED45001EF12DB7006F7C2F /* Resources */ = {
			isa = PBXResourcesBuildPhase;
			buildActionMask = 2147483647;
			files = (
			);
			runOnlyForDeploymentPostprocessing = 0;
		};
/* End PBXResourcesBuildPhase section */

/* Begin PBXShellScriptBuildPhase section */
		5ED0DB401EF3B832000A2E9B /* ShellScript */ = {
			isa = PBXShellScriptBuildPhase;
			buildActionMask = 2147483647;
			files = (
			);
			inputPaths = (
				"$(SRCROOT)/Carthage/Build/iOS/Chameleon.framework",
				"$(SRCROOT)/Carthage/Build/iOS/HandyJSON.framework",
			);
			outputPaths = (
			);
			runOnlyForDeploymentPostprocessing = 0;
			shellPath = /bin/sh;
			shellScript = "/usr/local/bin/carthage copy-frameworks";
		};
/* End PBXShellScriptBuildPhase section */

/* Begin PBXSourcesBuildPhase section */
		5EED44DF1EF12DB7006F7C2F /* Sources */ = {
			isa = PBXSourcesBuildPhase;
			buildActionMask = 2147483647;
			files = (
				5E36D7201EF3C95E00038D0D /* GLRoomInfoCell.swift in Sources */,
				5EED44E71EF12DB7006F7C2F /* AppDelegate.swift in Sources */,
				5E36D7121EF3C2BE00038D0D /* GLBaseViewController.swift in Sources */,
				5ED867C11EF219C300F58AC1 /* GLPeripheralManager.swift in Sources */,
				5E47A5211EF2756B00FC83C2 /* GLError.swift in Sources */,
				5E36D7181EF3C56D00038D0D /* GLRoomCreaterViewController.swift in Sources */,
				5E7C5A691F04DFA9005050ED /* GLPlayer.swift in Sources */,
				5E7C5A631F04D5A1005050ED /* GLNotification.swift in Sources */,
				5E36D7161EF3C42F00038D0D /* GLHomePageViewController.swift in Sources */,
				5E36D71E1EF3C82D00038D0D /* GLPlayerInfoCell.swift in Sources */,
				5E36D71A1EF3C61F00038D0D /* GLRoomListViewController.swift in Sources */,
				5E36D71C1EF3C76C00038D0D /* GLGameViewController.swift in Sources */,
				5EAD63231EF13D4000EBF944 /* GLCentralManager.swift in Sources */,
			);
			runOnlyForDeploymentPostprocessing = 0;
		};
		5EED44F31EF12DB7006F7C2F /* Sources */ = {
			isa = PBXSourcesBuildPhase;
			buildActionMask = 2147483647;
			files = (
				5EED44FC1EF12DB7006F7C2F /* SwifterTests.swift in Sources */,
			);
			runOnlyForDeploymentPostprocessing = 0;
		};
		5EED44FE1EF12DB7006F7C2F /* Sources */ = {
			isa = PBXSourcesBuildPhase;
			buildActionMask = 2147483647;
			files = (
				5EED45071EF12DB7006F7C2F /* SwifterUITests.swift in Sources */,
			);
			runOnlyForDeploymentPostprocessing = 0;
		};
/* End PBXSourcesBuildPhase section */

/* Begin PBXTargetDependency section */
		5EED44F91EF12DB7006F7C2F /* PBXTargetDependency */ = {
			isa = PBXTargetDependency;
			target = 5EED44E21EF12DB7006F7C2F /* Swifter */;
			targetProxy = 5EED44F81EF12DB7006F7C2F /* PBXContainerItemProxy */;
		};
		5EED45041EF12DB7006F7C2F /* PBXTargetDependency */ = {
			isa = PBXTargetDependency;
			target = 5EED44E21EF12DB7006F7C2F /* Swifter */;
			targetProxy = 5EED45031EF12DB7006F7C2F /* PBXContainerItemProxy */;
		};
/* End PBXTargetDependency section */

/* Begin PBXVariantGroup section */
		5EED44EA1EF12DB7006F7C2F /* Main.storyboard */ = {
			isa = PBXVariantGroup;
			children = (
				5EED44EB1EF12DB7006F7C2F /* Base */,
			);
			name = Main.storyboard;
			sourceTree = "<group>";
		};
		5EED44EF1EF12DB7006F7C2F /* LaunchScreen.storyboard */ = {
			isa = PBXVariantGroup;
			children = (
				5EED44F01EF12DB7006F7C2F /* Base */,
			);
			name = LaunchScreen.storyboard;
			sourceTree = "<group>";
		};
/* End PBXVariantGroup section */

/* Begin XCBuildConfiguration section */
		5EED45091EF12DB7006F7C2F /* Debug */ = {
			isa = XCBuildConfiguration;
			buildSettings = {
				ALWAYS_SEARCH_USER_PATHS = NO;
				CLANG_ANALYZER_NONNULL = YES;
				CLANG_ANALYZER_NUMBER_OBJECT_CONVERSION = YES_AGGRESSIVE;
				CLANG_CXX_LANGUAGE_STANDARD = "gnu++14";
				CLANG_CXX_LIBRARY = "libc++";
				CLANG_ENABLE_MODULES = YES;
				CLANG_ENABLE_OBJC_ARC = YES;
				CLANG_WARN_BLOCK_CAPTURE_AUTORELEASING = YES;
				CLANG_WARN_BOOL_CONVERSION = YES;
				CLANG_WARN_COMMA = YES;
				CLANG_WARN_CONSTANT_CONVERSION = YES;
				CLANG_WARN_DIRECT_OBJC_ISA_USAGE = YES_ERROR;
				CLANG_WARN_DOCUMENTATION_COMMENTS = YES;
				CLANG_WARN_EMPTY_BODY = YES;
				CLANG_WARN_ENUM_CONVERSION = YES;
				CLANG_WARN_INFINITE_RECURSION = YES;
				CLANG_WARN_INT_CONVERSION = YES;
				CLANG_WARN_NON_LITERAL_NULL_CONVERSION = YES;
				CLANG_WARN_OBJC_LITERAL_CONVERSION = YES;
				CLANG_WARN_OBJC_ROOT_CLASS = YES_ERROR;
				CLANG_WARN_RANGE_LOOP_ANALYSIS = YES;
				CLANG_WARN_STRICT_PROTOTYPES = YES;
				CLANG_WARN_SUSPICIOUS_MOVE = YES;
				CLANG_WARN_UNGUARDED_AVAILABILITY = YES_AGGRESSIVE;
				CLANG_WARN_UNREACHABLE_CODE = YES;
				CLANG_WARN__DUPLICATE_METHOD_MATCH = YES;
				CODE_SIGN_IDENTITY = "iPhone Developer";
				COPY_PHASE_STRIP = NO;
				DEBUG_INFORMATION_FORMAT = dwarf;
				ENABLE_STRICT_OBJC_MSGSEND = YES;
				ENABLE_TESTABILITY = YES;
				GCC_C_LANGUAGE_STANDARD = gnu11;
				GCC_DYNAMIC_NO_PIC = NO;
				GCC_NO_COMMON_BLOCKS = YES;
				GCC_OPTIMIZATION_LEVEL = 0;
				GCC_PREPROCESSOR_DEFINITIONS = (
					"DEBUG=1",
					"$(inherited)",
				);
				GCC_WARN_64_TO_32_BIT_CONVERSION = YES;
				GCC_WARN_ABOUT_RETURN_TYPE = YES_ERROR;
				GCC_WARN_UNDECLARED_SELECTOR = YES;
				GCC_WARN_UNINITIALIZED_AUTOS = YES_AGGRESSIVE;
				GCC_WARN_UNUSED_FUNCTION = YES;
				GCC_WARN_UNUSED_VARIABLE = YES;
				IPHONEOS_DEPLOYMENT_TARGET = 9.0;
				MTL_ENABLE_DEBUG_INFO = YES;
				ONLY_ACTIVE_ARCH = YES;
				SDKROOT = iphoneos;
				SWIFT_ACTIVE_COMPILATION_CONDITIONS = DEBUG;
				SWIFT_OPTIMIZATION_LEVEL = "-Onone";
			};
			name = Debug;
		};
		5EED450A1EF12DB7006F7C2F /* Release */ = {
			isa = XCBuildConfiguration;
			buildSettings = {
				ALWAYS_SEARCH_USER_PATHS = NO;
				CLANG_ANALYZER_NONNULL = YES;
				CLANG_ANALYZER_NUMBER_OBJECT_CONVERSION = YES_AGGRESSIVE;
				CLANG_CXX_LANGUAGE_STANDARD = "gnu++14";
				CLANG_CXX_LIBRARY = "libc++";
				CLANG_ENABLE_MODULES = YES;
				CLANG_ENABLE_OBJC_ARC = YES;
				CLANG_WARN_BLOCK_CAPTURE_AUTORELEASING = YES;
				CLANG_WARN_BOOL_CONVERSION = YES;
				CLANG_WARN_COMMA = YES;
				CLANG_WARN_CONSTANT_CONVERSION = YES;
				CLANG_WARN_DIRECT_OBJC_ISA_USAGE = YES_ERROR;
				CLANG_WARN_DOCUMENTATION_COMMENTS = YES;
				CLANG_WARN_EMPTY_BODY = YES;
				CLANG_WARN_ENUM_CONVERSION = YES;
				CLANG_WARN_INFINITE_RECURSION = YES;
				CLANG_WARN_INT_CONVERSION = YES;
				CLANG_WARN_NON_LITERAL_NULL_CONVERSION = YES;
				CLANG_WARN_OBJC_LITERAL_CONVERSION = YES;
				CLANG_WARN_OBJC_ROOT_CLASS = YES_ERROR;
				CLANG_WARN_RANGE_LOOP_ANALYSIS = YES;
				CLANG_WARN_STRICT_PROTOTYPES = YES;
				CLANG_WARN_SUSPICIOUS_MOVE = YES;
				CLANG_WARN_UNGUARDED_AVAILABILITY = YES_AGGRESSIVE;
				CLANG_WARN_UNREACHABLE_CODE = YES;
				CLANG_WARN__DUPLICATE_METHOD_MATCH = YES;
				CODE_SIGN_IDENTITY = "iPhone Developer";
				COPY_PHASE_STRIP = NO;
				DEBUG_INFORMATION_FORMAT = "dwarf-with-dsym";
				ENABLE_NS_ASSERTIONS = NO;
				ENABLE_STRICT_OBJC_MSGSEND = YES;
				GCC_C_LANGUAGE_STANDARD = gnu11;
				GCC_NO_COMMON_BLOCKS = YES;
				GCC_WARN_64_TO_32_BIT_CONVERSION = YES;
				GCC_WARN_ABOUT_RETURN_TYPE = YES_ERROR;
				GCC_WARN_UNDECLARED_SELECTOR = YES;
				GCC_WARN_UNINITIALIZED_AUTOS = YES_AGGRESSIVE;
				GCC_WARN_UNUSED_FUNCTION = YES;
				GCC_WARN_UNUSED_VARIABLE = YES;
				IPHONEOS_DEPLOYMENT_TARGET = 9.0;
				MTL_ENABLE_DEBUG_INFO = NO;
				SDKROOT = iphoneos;
				SWIFT_OPTIMIZATION_LEVEL = "-Owholemodule";
				VALIDATE_PRODUCT = YES;
			};
			name = Release;
		};
		5EED450C1EF12DB7006F7C2F /* Debug */ = {
			isa = XCBuildConfiguration;
			buildSettings = {
				ASSETCATALOG_COMPILER_APPICON_NAME = AppIcon;
				DEVELOPMENT_TEAM = AR39NS83R8;
				FRAMEWORK_SEARCH_PATHS = (
					"$(inherited)",
					"$(PROJECT_DIR)/Carthage/Build/iOS",
				);
				INFOPLIST_FILE = Swifter/Info.plist;
				LD_RUNPATH_SEARCH_PATHS = "$(inherited) @executable_path/Frameworks";
				PRODUCT_BUNDLE_IDENTIFIER = SZU.Swifter;
				PRODUCT_NAME = "$(TARGET_NAME)";
				SWIFT_SWIFT3_OBJC_INFERENCE = On;
				SWIFT_VERSION = 3.0;
				TARGETED_DEVICE_FAMILY = "1,2";
			};
			name = Debug;
		};
		5EED450D1EF12DB7006F7C2F /* Release */ = {
			isa = XCBuildConfiguration;
			buildSettings = {
				ASSETCATALOG_COMPILER_APPICON_NAME = AppIcon;
				DEVELOPMENT_TEAM = AR39NS83R8;
				FRAMEWORK_SEARCH_PATHS = (
					"$(inherited)",
					"$(PROJECT_DIR)/Carthage/Build/iOS",
				);
				INFOPLIST_FILE = Swifter/Info.plist;
				LD_RUNPATH_SEARCH_PATHS = "$(inherited) @executable_path/Frameworks";
				PRODUCT_BUNDLE_IDENTIFIER = SZU.Swifter;
				PRODUCT_NAME = "$(TARGET_NAME)";
				SWIFT_SWIFT3_OBJC_INFERENCE = On;
				SWIFT_VERSION = 3.0;
				TARGETED_DEVICE_FAMILY = "1,2";
			};
			name = Release;
		};
		5EED450F1EF12DB7006F7C2F /* Debug */ = {
			isa = XCBuildConfiguration;
			buildSettings = {
				ALWAYS_EMBED_SWIFT_STANDARD_LIBRARIES = YES;
				BUNDLE_LOADER = "$(TEST_HOST)";
				DEVELOPMENT_TEAM = AR39NS83R8;
				INFOPLIST_FILE = SwifterTests/Info.plist;
				LD_RUNPATH_SEARCH_PATHS = "$(inherited) @executable_path/Frameworks @loader_path/Frameworks";
				PRODUCT_BUNDLE_IDENTIFIER = SZU.SwifterTests;
				PRODUCT_NAME = "$(TARGET_NAME)";
				SWIFT_SWIFT3_OBJC_INFERENCE = On;
				SWIFT_VERSION = 3.0;
				TARGETED_DEVICE_FAMILY = "1,2";
				TEST_HOST = "$(BUILT_PRODUCTS_DIR)/Swifter.app/Swifter";
			};
			name = Debug;
		};
		5EED45101EF12DB7006F7C2F /* Release */ = {
			isa = XCBuildConfiguration;
			buildSettings = {
				ALWAYS_EMBED_SWIFT_STANDARD_LIBRARIES = YES;
				BUNDLE_LOADER = "$(TEST_HOST)";
				DEVELOPMENT_TEAM = AR39NS83R8;
				INFOPLIST_FILE = SwifterTests/Info.plist;
				LD_RUNPATH_SEARCH_PATHS = "$(inherited) @executable_path/Frameworks @loader_path/Frameworks";
				PRODUCT_BUNDLE_IDENTIFIER = SZU.SwifterTests;
				PRODUCT_NAME = "$(TARGET_NAME)";
				SWIFT_SWIFT3_OBJC_INFERENCE = On;
				SWIFT_VERSION = 3.0;
				TARGETED_DEVICE_FAMILY = "1,2";
				TEST_HOST = "$(BUILT_PRODUCTS_DIR)/Swifter.app/Swifter";
			};
			name = Release;
		};
		5EED45121EF12DB7006F7C2F /* Debug */ = {
			isa = XCBuildConfiguration;
			buildSettings = {
				ALWAYS_EMBED_SWIFT_STANDARD_LIBRARIES = YES;
				DEVELOPMENT_TEAM = AR39NS83R8;
				INFOPLIST_FILE = SwifterUITests/Info.plist;
				LD_RUNPATH_SEARCH_PATHS = "$(inherited) @executable_path/Frameworks @loader_path/Frameworks";
				PRODUCT_BUNDLE_IDENTIFIER = SZU.SwifterUITests;
				PRODUCT_NAME = "$(TARGET_NAME)";
				SWIFT_SWIFT3_OBJC_INFERENCE = On;
				SWIFT_VERSION = 3.0;
				TARGETED_DEVICE_FAMILY = "1,2";
				TEST_TARGET_NAME = Swifter;
			};
			name = Debug;
		};
		5EED45131EF12DB7006F7C2F /* Release */ = {
			isa = XCBuildConfiguration;
			buildSettings = {
				ALWAYS_EMBED_SWIFT_STANDARD_LIBRARIES = YES;
				DEVELOPMENT_TEAM = AR39NS83R8;
				INFOPLIST_FILE = SwifterUITests/Info.plist;
				LD_RUNPATH_SEARCH_PATHS = "$(inherited) @executable_path/Frameworks @loader_path/Frameworks";
				PRODUCT_BUNDLE_IDENTIFIER = SZU.SwifterUITests;
				PRODUCT_NAME = "$(TARGET_NAME)";
				SWIFT_SWIFT3_OBJC_INFERENCE = On;
				SWIFT_VERSION = 3.0;
				TARGETED_DEVICE_FAMILY = "1,2";
				TEST_TARGET_NAME = Swifter;
			};
			name = Release;
		};
/* End XCBuildConfiguration section */

/* Begin XCConfigurationList section */
		5EED44DE1EF12DB7006F7C2F /* Build configuration list for PBXProject "Swifter" */ = {
			isa = XCConfigurationList;
			buildConfigurations = (
				5EED45091EF12DB7006F7C2F /* Debug */,
				5EED450A1EF12DB7006F7C2F /* Release */,
			);
			defaultConfigurationIsVisible = 0;
			defaultConfigurationName = Release;
		};
		5EED450B1EF12DB7006F7C2F /* Build configuration list for PBXNativeTarget "Swifter" */ = {
			isa = XCConfigurationList;
			buildConfigurations = (
				5EED450C1EF12DB7006F7C2F /* Debug */,
				5EED450D1EF12DB7006F7C2F /* Release */,
			);
			defaultConfigurationIsVisible = 0;
			defaultConfigurationName = Release;
		};
		5EED450E1EF12DB7006F7C2F /* Build configuration list for PBXNativeTarget "SwifterTests" */ = {
			isa = XCConfigurationList;
			buildConfigurations = (
				5EED450F1EF12DB7006F7C2F /* Debug */,
				5EED45101EF12DB7006F7C2F /* Release */,
			);
			defaultConfigurationIsVisible = 0;
			defaultConfigurationName = Release;
		};
		5EED45111EF12DB7006F7C2F /* Build configuration list for PBXNativeTarget "SwifterUITests" */ = {
			isa = XCConfigurationList;
			buildConfigurations = (
				5EED45121EF12DB7006F7C2F /* Debug */,
				5EED45131EF12DB7006F7C2F /* Release */,
			);
			defaultConfigurationIsVisible = 0;
			defaultConfigurationName = Release;
		};
/* End XCConfigurationList section */
	};
	rootObject = 5EED44DB1EF12DB7006F7C2F /* Project object */;
}
